// !$*UTF8*$!
{
	archiveVersion = 1;
	classes = {
	};
	objectVersion = 46;
	objects = {

/* Begin PBXBuildFile section */
		979E0E341DEE78F000616CB2 /* AppDelegate.swift in Sources */ = {isa = PBXBuildFile; fileRef = 979E0E331DEE78F000616CB2 /* AppDelegate.swift */; };
		979E0E361DEE78F000616CB2 /* ViewController.swift in Sources */ = {isa = PBXBuildFile; fileRef = 979E0E351DEE78F000616CB2 /* ViewController.swift */; };
		979E0E391DEE78F000616CB2 /* Main.storyboard in Resources */ = {isa = PBXBuildFile; fileRef = 979E0E371DEE78F000616CB2 /* Main.storyboard */; };
		979E0E3B1DEE78F000616CB2 /* Assets.xcassets in Resources */ = {isa = PBXBuildFile; fileRef = 979E0E3A1DEE78F000616CB2 /* Assets.xcassets */; };
		979E0E3E1DEE78F000616CB2 /* LaunchScreen.storyboard in Resources */ = {isa = PBXBuildFile; fileRef = 979E0E3C1DEE78F000616CB2 /* LaunchScreen.storyboard */; };
/* End PBXBuildFile section */

/* Begin PBXFileReference section */
		979E0E301DEE78F000616CB2 /* DY_ZB.app */ = {isa = PBXFileReference; explicitFileType = wrapper.application; includeInIndex = 0; path = DY_ZB.app; sourceTree = BUILT_PRODUCTS_DIR; };
		979E0E331DEE78F000616CB2 /* AppDelegate.swift */ = {isa = PBXFileReference; lastKnownFileType = sourcecode.swift; path = AppDelegate.swift; sourceTree = "<group>"; };
		979E0E351DEE78F000616CB2 /* ViewController.swift */ = {isa = PBXFileReference; lastKnownFileType = sourcecode.swift; path = ViewController.swift; sourceTree = "<group>"; };
		979E0E381DEE78F000616CB2 /* Base */ = {isa = PBXFileReference; lastKnownFileType = file.storyboard; name = Base; path = Base.lproj/Main.storyboard; sourceTree = "<group>"; };
		979E0E3A1DEE78F000616CB2 /* Assets.xcassets */ = {isa = PBXFileReference; lastKnownFileType = folder.assetcatalog; path = Assets.xcassets; sourceTree = "<group>"; };
		979E0E3D1DEE78F000616CB2 /* Base */ = {isa = PBXFileReference; lastKnownFileType = file.storyboard; name = Base; path = Base.lproj/LaunchScreen.storyboard; sourceTree = "<group>"; };
		979E0E3F1DEE78F000616CB2 /* Info.plist */ = {isa = PBXFileReference; lastKnownFileType = text.plist.xml; path = Info.plist; sourceTree = "<group>"; };
/* End PBXFileReference section */

/* Begin PBXFrameworksBuildPhase section */
		979E0E2D1DEE78F000616CB2 /* Frameworks */ = {
			isa = PBXFrameworksBuildPhase;
			buildActionMask = 2147483647;
			files = (
			);
			runOnlyForDeploymentPostprocessing = 0;
		};
/* End PBXFrameworksBuildPhase section */

/* Begin PBXGroup section */
		979E0E271DEE78F000616CB2 = {
			isa = PBXGroup;
			children = (
				979E0E321DEE78F000616CB2 /* DY_ZB */,
				979E0E311DEE78F000616CB2 /* Products */,
			);
			sourceTree = "<group>";
		};
		979E0E311DEE78F000616CB2 /* Products */ = {
			isa = PBXGroup;
			children = (
				979E0E301DEE78F000616CB2 /* DY_ZB.app */,
			);
			name = Products;
			sourceTree = "<group>";
		};
		979E0E321DEE78F000616CB2 /* DY_ZB */ = {
			isa = PBXGroup;
			children = (
				979E0E331DEE78F000616CB2 /* AppDelegate.swift */,
				979E0E351DEE78F000616CB2 /* ViewController.swift */,
				979E0E371DEE78F000616CB2 /* Main.storyboard */,
				979E0E3A1DEE78F000616CB2 /* Assets.xcassets */,
				979E0E3C1DEE78F000616CB2 /* LaunchScreen.storyboard */,
				979E0E3F1DEE78F000616CB2 /* Info.plist */,
			);
			path = DY_ZB;
			sourceTree = "<group>";
		};
/* End PBXGroup section */

/* Begin PBXNativeTarget section */
		979E0E2F1DEE78F000616CB2 /* DY_ZB */ = {
			isa = PBXNativeTarget;
			buildConfigurationList = 979E0E421DEE78F000616CB2 /* Build configuration list for PBXNativeTarget "DY_ZB" */;
			buildPhases = (
				979E0E2C1DEE78F000616CB2 /* Sources */,
				979E0E2D1DEE78F000616CB2 /* Frameworks */,
				979E0E2E1DEE78F000616CB2 /* Resources */,
			);
			buildRules = (
			);
			dependencies = (
			);
			name = DY_ZB;
			productName = DY_ZB;
			productReference = 979E0E301DEE78F000616CB2 /* DY_ZB.app */;
			productType = "com.apple.product-type.application";
		};
/* End PBXNativeTarget section */

/* Begin PBXProject section */
		979E0E281DEE78F000616CB2 /* Project object */ = {
			isa = PBXProject;
			attributes = {
				LastSwiftUpdateCheck = 0810;
				LastUpgradeCheck = 0810;
				ORGANIZATIONNAME = "曹航玮";
				TargetAttributes = {
					979E0E2F1DEE78F000616CB2 = {
						CreatedOnToolsVersion = 8.1;
						ProvisioningStyle = Automatic;
					};
				};
			};
			buildConfigurationList = 979E0E2B1DEE78F000616CB2 /* Build configuration list for PBXProject "DY_ZB" */;
			compatibilityVersion = "Xcode 3.2";
			developmentRegion = English;
			hasScannedForEncodings = 0;
			knownRegions = (
				en,
				Base,
			);
			mainGroup = 979E0E271DEE78F000616CB2;
			productRefGroup = 979E0E311DEE78F000616CB2 /* Products */;
			projectDirPath = "";
			projectRoot = "";
			targets = (
				979E0E2F1DEE78F000616CB2 /* DY_ZB */,
			);
		};
/* End PBXProject section */

/* Begin PBXResourcesBuildPhase section */
		979E0E2E1DEE78F000616CB2 /* Resources */ = {
			isa = PBXResourcesBuildPhase;
			buildActionMask = 2147483647;
			files = (
				979E0E3E1DEE78F000616CB2 /* LaunchScreen.storyboard in Resources */,
				979E0E3B1DEE78F000616CB2 /* Assets.xcassets in Resources */,
				979E0E391DEE78F000616CB2 /* Main.storyboard in Resources */,
			);
			runOnlyForDeploymentPostprocessing = 0;
		};
/* End PBXResourcesBuildPhase section */

/* Begin PBXSourcesBuildPhase section */
		979E0E2C1DEE78F000616CB2 /* Sources */ = {
			isa = PBXSourcesBuildPhase;
			buildActionMask = 2147483647;
			files = (
				979E0E361DEE78F000616CB2 /* ViewController.swift in Sources */,
				979E0E341DEE78F000616CB2 /* AppDelegate.swift in Sources */,
			);
			runOnlyForDeploymentPostprocessing = 0;
		};
/* End PBXSourcesBuildPhase section */

/* Begin PBXVariantGroup section */
		979E0E371DEE78F000616CB2 /* Main.storyboard */ = {
			isa = PBXVariantGroup;
			children = (
				979E0E381DEE78F000616CB2 /* Base */,
			);
			name = Main.storyboard;
			sourceTree = "<group>";
		};
		979E0E3C1DEE78F000616CB2 /* LaunchScreen.storyboard */ = {
			isa = PBXVariantGroup;
			children = (
				979E0E3D1DEE78F000616CB2 /* Base */,
			);
			name = LaunchScreen.storyboard;
			sourceTree = "<group>";
		};
/* End PBXVariantGroup section */

/* Begin XCBuildConfiguration section */
		979E0E401DEE78F000616CB2 /* Debug */ = {
			isa = XCBuildConfiguration;
			buildSettings = {
				ALWAYS_SEARCH_USER_PATHS = NO;
				CLANG_ANALYZER_NONNULL = YES;
				CLANG_CXX_LANGUAGE_STANDARD = "gnu++0x";
				CLANG_CXX_LIBRARY = "libc++";
				CLANG_ENABLE_MODULES = YES;
				CLANG_ENABLE_OBJC_ARC = YES;
				CLANG_WARN_BOOL_CONVERSION = YES;
				CLANG_WARN_CONSTANT_CONVERSION = YES;
				CLANG_WARN_DIRECT_OBJC_ISA_USAGE = YES_ERROR;
				CLANG_WARN_DOCUMENTATION_COMMENTS = YES;
				CLANG_WARN_EMPTY_BODY = YES;
				CLANG_WARN_ENUM_CONVERSION = YES;
				CLANG_WARN_INFINITE_RECURSION = YES;
				CLANG_WARN_INT_CONVERSION = YES;
				CLANG_WARN_OBJC_ROOT_CLASS = YES_ERROR;
				CLANG_WARN_SUSPICIOUS_MOVES = YES;
				CLANG_WARN_UNREACHABLE_CODE = YES;
				CLANG_WARN__DUPLICATE_METHOD_MATCH = YES;
				"CODE_SIGN_IDENTITY[sdk=iphoneos*]" = "iPhone Developer";
				COPY_PHASE_STRIP = NO;
				DEBUG_INFORMATION_FORMAT = dwarf;
				ENABLE_STRICT_OBJC_MSGSEND = YES;
				ENABLE_TESTABILITY = YES;
				GCC_C_LANGUAGE_STANDARD = gnu99;
				GCC_DYNAMIC_NO_PIC = NO;
				GCC_NO_COMMON_BLOCKS = YES;
				GCC_OPTIMIZATION_LEVEL = 0;
				GCC_PREPROCESSOR_DEFINITIONS = (
					"DEBUG=1",
					"$(inherited)",
				);
				GCC_WARN_64_TO_32_BIT_CONVERSION = YES;
				GCC_WARN_ABOUT_RETURN_TYPE = YES_ERROR;
				GCC_WARN_UNDECLARED_SELECTOR = YES;
				GCC_WARN_UNINITIALIZED_AUTOS = YES_AGGRESSIVE;
				GCC_WARN_UNUSED_FUNCTION = YES;
				GCC_WARN_UNUSED_VARIABLE = YES;
				IPHONEOS_DEPLOYMENT_TARGET = 10.1;
				MTL_ENABLE_DEBUG_INFO = YES;
				ONLY_ACTIVE_ARCH = YES;
				SDKROOT = iphoneos;
				SWIFT_ACTIVE_COMPILATION_CONDITIONS = DEBUG;
				SWIFT_OPTIMIZATION_LEVEL = "-Onone";
			};
			name = Debug;
		};
		979E0E411DEE78F000616CB2 /* Release */ = {
			isa = XCBuildConfiguration;
			buildSettings = {
				ALWAYS_SEARCH_USER_PATHS = NO;
				CLANG_ANALYZER_NONNULL = YES;
				CLANG_CXX_LANGUAGE_STANDARD = "gnu++0x";
				CLANG_CXX_LIBRARY = "libc++";
				CLANG_ENABLE_MODULES = YES;
				CLANG_ENABLE_OBJC_ARC = YES;
				CLANG_WARN_BOOL_CONVERSION = YES;
				CLANG_WARN_CONSTANT_CONVERSION = YES;
				CLANG_WARN_DIRECT_OBJC_ISA_USAGE = YES_ERROR;
				CLANG_WARN_DOCUMENTATION_COMMENTS = YES;
				CLANG_WARN_EMPTY_BODY = YES;
				CLANG_WARN_ENUM_CONVERSION = YES;
				CLANG_WARN_INFINITE_RECURSION = YES;
				CLANG_WARN_INT_CONVERSION = YES;
				CLANG_WARN_OBJC_ROOT_CLASS = YES_ERROR;
				CLANG_WARN_SUSPICIOUS_MOVES = YES;
				CLANG_WARN_UNREACHABLE_CODE = YES;
				CLANG_WARN__DUPLICATE_METHOD_MATCH = YES;
				"CODE_SIGN_IDENTITY[sdk=iphoneos*]" = "iPhone Developer";
				COPY_PHASE_STRIP = NO;
				DEBUG_INFORMATION_FORMAT = "dwarf-with-dsym";
				ENABLE_NS_ASSERTIONS = NO;
				ENABLE_STRICT_OBJC_MSGSEND = YES;
				GCC_C_LANGUAGE_STANDARD = gnu99;
				GCC_NO_COMMON_BLOCKS = YES;
				GCC_WARN_64_TO_32_BIT_CONVERSION = YES;
				GCC_WARN_ABOUT_RETURN_TYPE = YES_ERROR;
				GCC_WARN_UNDECLARED_SELECTOR = YES;
				GCC_WARN_UNINITIALIZED_AUTOS = YES_AGGRESSIVE;
				GCC_WARN_UNUSED_FUNCTION = YES;
				GCC_WARN_UNUSED_VARIABLE = YES;
				IPHONEOS_DEPLOYMENT_TARGET = 10.1;
				MTL_ENABLE_DEBUG_INFO = NO;
				SDKROOT = iphoneos;
				SWIFT_OPTIMIZATION_LEVEL = "-Owholemodule";
				VALIDATE_PRODUCT = YES;
			};
			name = Release;
		};
		979E0E431DEE78F000616CB2 /* Debug */ = {
			isa = XCBuildConfiguration;
			buildSettings = {
				ASSETCATALOG_COMPILER_APPICON_NAME = AppIcon;
				ASSETCATALOG_COMPILER_LAUNCHIMAGE_NAME = LaunchImage;
				INFOPLIST_FILE = DY_ZB/Info.plist;
				LD_RUNPATH_SEARCH_PATHS = "$(inherited) @executable_path/Frameworks";
				PRODUCT_BUNDLE_IDENTIFIER = "com.lalala.PRN.DY-ZB";
				PRODUCT_NAME = "$(TARGET_NAME)";
				SWIFT_VERSION = 3.0;
			};
			name = Debug;
		};
		979E0E441DEE78F000616CB2 /* Release */ = {
			isa = XCBuildConfiguration;
			buildSettings = {
				ASSETCATALOG_COMPILER_APPICON_NAME = AppIcon;
				ASSETCATALOG_COMPILER_LAUNCHIMAGE_NAME = LaunchImage;
				INFOPLIST_FILE = DY_ZB/Info.plist;
				LD_RUNPATH_SEARCH_PATHS = "$(inherited) @executable_path/Frameworks";
				PRODUCT_BUNDLE_IDENTIFIER = "com.lalala.PRN.DY-ZB";
				PRODUCT_NAME = "$(TARGET_NAME)";
				SWIFT_VERSION = 3.0;
			};
			name = Release;
		};
/* End XCBuildConfiguration section */

/* Begin XCConfigurationList section */
		979E0E2B1DEE78F000616CB2 /* Build configuration list for PBXProject "DY_ZB" */ = {
			isa = XCConfigurationList;
			buildConfigurations = (
				979E0E401DEE78F000616CB2 /* Debug */,
				979E0E411DEE78F000616CB2 /* Release */,
			);
			defaultConfigurationIsVisible = 0;
			defaultConfigurationName = Release;
		};
		979E0E421DEE78F000616CB2 /* Build configuration list for PBXNativeTarget "DY_ZB" */ = {
			isa = XCConfigurationList;
			buildConfigurations = (
				979E0E431DEE78F000616CB2 /* Debug */,
				979E0E441DEE78F000616CB2 /* Release */,
			);
			defaultConfigurationIsVisible = 0;
			defaultConfigurationName = Release;
		};
/* End XCConfigurationList section */
	};
	rootObject = 979E0E281DEE78F000616CB2 /* Project object */;
}
